
Microsoft Visual Studio Solution File, Format Version 12.00
# Visual Studio Version 17
VisualStudioVersion = 17.4.33213.308
MinimumVisualStudioVersion = 10.0.40219.1
Project("{9A19103F-16F7-4668-BE54-9A1E7A4F7556}") = "Gskyu.SyncedListPicker", "Gskyu.SyncedListPicker.csproj", "{93891ADB-EAEB-4183-A27A-798168DC9276}"
EndProject
Global
	GlobalSection(SolutionConfigurationPlatforms) = preSolution
		Debug|Any CPU = Debug|Any CPU
		Release|Any CPU = Release|Any CPU
	EndGlobalSection
	GlobalSection(ProjectConfigurationPlatforms) = postSolution
		{93891ADB-EAEB-4183-A27A-798168DC9276}.Debug|Any CPU.ActiveCfg = Debug|Any CPU
		{93891ADB-EAEB-4183-A27A-798168DC9276}.Debug|Any CPU.Build.0 = Debug|Any CPU
		{93891ADB-EAEB-4183-A27A-798168DC9276}.Release|Any CPU.ActiveCfg = Release|Any CPU
		{93891ADB-EAEB-4183-A27A-798168DC9276}.Release|Any CPU.Build.0 = Release|Any CPU
	EndGlobalSection
	GlobalSection(SolutionProperties) = preSolution
		HideSolutionNode = FALSE
	EndGlobalSection
	GlobalSection(ExtensibilityGlobals) = postSolution
		SolutionGuid = {2309B18C-9AFB-4D4C-92F2-3E450B8815F1}
	EndGlobalSection
EndGlobal
